# This file is automatically @generated by Cargo.
# It is not intended for manual editing.
version = 4

[[package]]
name = "fsw-sdk-app"
version = "0.1.0"
dependencies = [
 "fsw-sdk-core",
]

[[package]]
name = "fsw-sdk-core"
version = "0.1.0"

[[package]]
name = "fsw-sdk-fdir"
version = "0.1.0"
dependencies = [
 "fsw-sdk-core",
]

[[package]]
name = "fsw-sdk-osal"
version = "0.1.0"
dependencies = [
 "fsw-sdk-core",
]

[[package]]
name = "fsw-sdk-runtime"
version = "0.1.0"
dependencies = [
 "fsw-sdk-core",
 "fsw-sdk-fdir",
 "fsw-sdk-time",
]

[[package]]
name = "fsw-sdk-time"
version = "0.1.0"
dependencies = [
 "fsw-sdk-core",
]

[[package]]
name = "minimal-sim"
version = "0.1.0"
dependencies = [
 "fsw-sdk-core",
 "fsw-sdk-fdir",
 "fsw-sdk-runtime",
 "fsw-sdk-time",
]

[[package]]
name = "simple-gnc"
version = "0.1.0"
dependencies = [
 "fsw-sdk-app",
 "fsw-sdk-core",
 "fsw-sdk-fdir",
 "fsw-sdk-runtime",
 "fsw-sdk-time",
]
